
Microsoft Visual Studio Solution File, Format Version 12.00
# Visual Studio Version 16
VisualStudioVersion = 16.0.30011.22
MinimumVisualStudioVersion = 10.0.40219.1
Project("{2150E333-8FDC-42A3-9474-1A3956D46DE8}") = "1 WebApp", "1 WebApp", "{1BA66C00-475C-421C-B41D-61C0419985D5}"
EndProject
Project("{2150E333-8FDC-42A3-9474-1A3956D46DE8}") = "2 Service", "2 Service", "{A321CBE8-433D-4414-B580-B80AE2E40052}"
EndProject
Project("{2150E333-8FDC-42A3-9474-1A3956D46DE8}") = "3 Domain", "3 Domain", "{A308CC33-A7A4-4A53-89A6-F2CF4CFD09CA}"
EndProject
Project("{2150E333-8FDC-42A3-9474-1A3956D46DE8}") = "4 Infraestructure", "4 Infraestructure", "{4C5E267F-A31C-4D05-AC84-F6D7EAB3752F}"
EndProject
Project("{2150E333-8FDC-42A3-9474-1A3956D46DE8}") = "5 Transversal", "5 Transversal", "{AD520A39-9ECA-44C2-BBDA-DA6947AA438C}"
EndProject
Project("{FAE04EC0-301F-11D3-BF4B-00C04F79EFBC}") = "Bertoni.Infraestructure", "..\Bertoni.Infraestructure\Bertoni.Infraestructure.csproj", "{2AA34A09-9326-456C-81D0-1022A7E16CC0}"
EndProject
Project("{FAE04EC0-301F-11D3-BF4B-00C04F79EFBC}") = "Bertoni.Infraestructure.Entity", "..\Bertoni.Infraestructure.Entity\Bertoni.Infraestructure.Entity.csproj", "{8E99E13A-516B-4F12-B531-16C4267F359C}"
EndProject
Project("{FAE04EC0-301F-11D3-BF4B-00C04F79EFBC}") = "Bertoni.Domain", "..\Bertoni.Domain\Bertoni.Domain.csproj", "{02EC27DC-053F-4CFA-BE57-56133B03C91A}"
EndProject
Project("{FAE04EC0-301F-11D3-BF4B-00C04F79EFBC}") = "Bertoni.Domain.Entity", "..\Bertoni.Domain.Entity\Bertoni.Domain.Entity.csproj", "{E3B2BB6B-233B-46CE-A803-F538E1888230}"
EndProject
Project("{FAE04EC0-301F-11D3-BF4B-00C04F79EFBC}") = "Bertoni.Service", "..\Bertoni.Service\Bertoni.Service.csproj", "{B9CDDEAA-F0EB-49C5-92C1-92C3E8BD3E66}"
EndProject
Project("{FAE04EC0-301F-11D3-BF4B-00C04F79EFBC}") = "Bertoni.Service.Entity", "..\Bertoni.Service.Entity\Bertoni.Service.Entity.csproj", "{50B71843-EF6C-4A3F-8C10-493E3B5C6091}"
EndProject
Project("{FAE04EC0-301F-11D3-BF4B-00C04F79EFBC}") = "Bertoni.Transversal", "..\Bertoni.Transversal\Bertoni.Transversal.csproj", "{B17CF702-1E21-42E6-9836-A5C45A6BED15}"
EndProject
Project("{FAE04EC0-301F-11D3-BF4B-00C04F79EFBC}") = "Bertoni.Domain.Test", "..\Bertoni.Domain.Test\Bertoni.Domain.Test.csproj", "{7F621246-179E-4247-8EC2-B22D0E777BDB}"
EndProject
Global
	GlobalSection(SolutionConfigurationPlatforms) = preSolution
		Debug|Any CPU = Debug|Any CPU
		Release|Any CPU = Release|Any CPU
	EndGlobalSection
	GlobalSection(ProjectConfigurationPlatforms) = postSolution
		{2AA34A09-9326-456C-81D0-1022A7E16CC0}.Debug|Any CPU.ActiveCfg = Debug|Any CPU
		{2AA34A09-9326-456C-81D0-1022A7E16CC0}.Debug|Any CPU.Build.0 = Debug|Any CPU
		{2AA34A09-9326-456C-81D0-1022A7E16CC0}.Release|Any CPU.ActiveCfg = Release|Any CPU
		{2AA34A09-9326-456C-81D0-1022A7E16CC0}.Release|Any CPU.Build.0 = Release|Any CPU
		{8E99E13A-516B-4F12-B531-16C4267F359C}.Debug|Any CPU.ActiveCfg = Debug|Any CPU
		{8E99E13A-516B-4F12-B531-16C4267F359C}.Debug|Any CPU.Build.0 = Debug|Any CPU
		{8E99E13A-516B-4F12-B531-16C4267F359C}.Release|Any CPU.ActiveCfg = Release|Any CPU
		{8E99E13A-516B-4F12-B531-16C4267F359C}.Release|Any CPU.Build.0 = Release|Any CPU
		{02EC27DC-053F-4CFA-BE57-56133B03C91A}.Debug|Any CPU.ActiveCfg = Debug|Any CPU
		{02EC27DC-053F-4CFA-BE57-56133B03C91A}.Debug|Any CPU.Build.0 = Debug|Any CPU
		{02EC27DC-053F-4CFA-BE57-56133B03C91A}.Release|Any CPU.ActiveCfg = Release|Any CPU
		{02EC27DC-053F-4CFA-BE57-56133B03C91A}.Release|Any CPU.Build.0 = Release|Any CPU
		{E3B2BB6B-233B-46CE-A803-F538E1888230}.Debug|Any CPU.ActiveCfg = Debug|Any CPU
		{E3B2BB6B-233B-46CE-A803-F538E1888230}.Debug|Any CPU.Build.0 = Debug|Any CPU
		{E3B2BB6B-233B-46CE-A803-F538E1888230}.Release|Any CPU.ActiveCfg = Release|Any CPU
		{E3B2BB6B-233B-46CE-A803-F538E1888230}.Release|Any CPU.Build.0 = Release|Any CPU
		{B9CDDEAA-F0EB-49C5-92C1-92C3E8BD3E66}.Debug|Any CPU.ActiveCfg = Debug|Any CPU
		{B9CDDEAA-F0EB-49C5-92C1-92C3E8BD3E66}.Debug|Any CPU.Build.0 = Debug|Any CPU
		{B9CDDEAA-F0EB-49C5-92C1-92C3E8BD3E66}.Release|Any CPU.ActiveCfg = Release|Any CPU
		{B9CDDEAA-F0EB-49C5-92C1-92C3E8BD3E66}.Release|Any CPU.Build.0 = Release|Any CPU
		{50B71843-EF6C-4A3F-8C10-493E3B5C6091}.Debug|Any CPU.ActiveCfg = Debug|Any CPU
		{50B71843-EF6C-4A3F-8C10-493E3B5C6091}.Debug|Any CPU.Build.0 = Debug|Any CPU
		{50B71843-EF6C-4A3F-8C10-493E3B5C6091}.Release|Any CPU.ActiveCfg = Release|Any CPU
		{50B71843-EF6C-4A3F-8C10-493E3B5C6091}.Release|Any CPU.Build.0 = Release|Any CPU
		{B17CF702-1E21-42E6-9836-A5C45A6BED15}.Debug|Any CPU.ActiveCfg = Debug|Any CPU
		{B17CF702-1E21-42E6-9836-A5C45A6BED15}.Debug|Any CPU.Build.0 = Debug|Any CPU
		{B17CF702-1E21-42E6-9836-A5C45A6BED15}.Release|Any CPU.ActiveCfg = Release|Any CPU
		{B17CF702-1E21-42E6-9836-A5C45A6BED15}.Release|Any CPU.Build.0 = Release|Any CPU
		{7F621246-179E-4247-8EC2-B22D0E777BDB}.Debug|Any CPU.ActiveCfg = Debug|Any CPU
		{7F621246-179E-4247-8EC2-B22D0E777BDB}.Debug|Any CPU.Build.0 = Debug|Any CPU
		{7F621246-179E-4247-8EC2-B22D0E777BDB}.Release|Any CPU.ActiveCfg = Release|Any CPU
		{7F621246-179E-4247-8EC2-B22D0E777BDB}.Release|Any CPU.Build.0 = Release|Any CPU
	EndGlobalSection
	GlobalSection(SolutionProperties) = preSolution
		HideSolutionNode = FALSE
	EndGlobalSection
	GlobalSection(NestedProjects) = preSolution
		{2AA34A09-9326-456C-81D0-1022A7E16CC0} = {4C5E267F-A31C-4D05-AC84-F6D7EAB3752F}
		{8E99E13A-516B-4F12-B531-16C4267F359C} = {4C5E267F-A31C-4D05-AC84-F6D7EAB3752F}
		{02EC27DC-053F-4CFA-BE57-56133B03C91A} = {A308CC33-A7A4-4A53-89A6-F2CF4CFD09CA}
		{E3B2BB6B-233B-46CE-A803-F538E1888230} = {A308CC33-A7A4-4A53-89A6-F2CF4CFD09CA}
		{B9CDDEAA-F0EB-49C5-92C1-92C3E8BD3E66} = {A321CBE8-433D-4414-B580-B80AE2E40052}
		{50B71843-EF6C-4A3F-8C10-493E3B5C6091} = {A321CBE8-433D-4414-B580-B80AE2E40052}
		{B17CF702-1E21-42E6-9836-A5C45A6BED15} = {AD520A39-9ECA-44C2-BBDA-DA6947AA438C}
		{7F621246-179E-4247-8EC2-B22D0E777BDB} = {A308CC33-A7A4-4A53-89A6-F2CF4CFD09CA}
	EndGlobalSection
	GlobalSection(ExtensibilityGlobals) = postSolution
		SolutionGuid = {3DD84E46-B043-4A1B-BEE7-B593C62B337F}
	EndGlobalSection
EndGlobal
